
Microsoft Visual Studio Solution File, Format Version 12.00
# Visual Studio Version 16
VisualStudioVersion = 16.0.29609.76
MinimumVisualStudioVersion = 10.0.40219.1
Project("{9A19103F-16F7-4668-BE54-9A1E7A4F7556}") = "Test.GraphQL.IdentityServer", "Test.GraphQL.IdentityServer\Test.GraphQL.IdentityServer.csproj", "{C0BF9FFC-2C5E-49C2-9941-FF160DDF922B}"
EndProject
Project("{9A19103F-16F7-4668-BE54-9A1E7A4F7556}") = "Test.GraphQL.MyCoreAPI", "Test.GraphQL.MyCoreAPI\Test.GraphQL.MyCoreAPI.csproj", "{EFF86C86-8CC5-454D-84A8-E46C7A031F86}"
EndProject
Global
	GlobalSection(SolutionConfigurationPlatforms) = preSolution
		Debug|Any CPU = Debug|Any CPU
		Release|Any CPU = Release|Any CPU
	EndGlobalSection
	GlobalSection(ProjectConfigurationPlatforms) = postSolution
		{C0BF9FFC-2C5E-49C2-9941-FF160DDF922B}.Debug|Any CPU.ActiveCfg = Debug|Any CPU
		{C0BF9FFC-2C5E-49C2-9941-FF160DDF922B}.Debug|Any CPU.Build.0 = Debug|Any CPU
		{C0BF9FFC-2C5E-49C2-9941-FF160DDF922B}.Release|Any CPU.ActiveCfg = Release|Any CPU
		{C0BF9FFC-2C5E-49C2-9941-FF160DDF922B}.Release|Any CPU.Build.0 = Release|Any CPU
		{EFF86C86-8CC5-454D-84A8-E46C7A031F86}.Debug|Any CPU.ActiveCfg = Debug|Any CPU
		{EFF86C86-8CC5-454D-84A8-E46C7A031F86}.Debug|Any CPU.Build.0 = Debug|Any CPU
		{EFF86C86-8CC5-454D-84A8-E46C7A031F86}.Release|Any CPU.ActiveCfg = Release|Any CPU
		{EFF86C86-8CC5-454D-84A8-E46C7A031F86}.Release|Any CPU.Build.0 = Release|Any CPU
	EndGlobalSection
	GlobalSection(SolutionProperties) = preSolution
		HideSolutionNode = FALSE
	EndGlobalSection
	GlobalSection(ExtensibilityGlobals) = postSolution
		SolutionGuid = {7F712FDB-58FF-4172-AFCB-7225572DDB51}
	EndGlobalSection
EndGlobal
